{
  "name": "cyber-editor-core",
  "version": "0.1.0",
  "lockfileVersion": 3,
  "requires": true,
  "packages": {
    "": {
      "name": "cyber-editor-core",
      "version": "0.1.0",
      "devDependencies": {
        "@types/jest": "^29.5.12",
        "@typescript-eslint/eslint-plugin": "^7.7.0",
        "@typescript-eslint/parser": "^7.7.0",
        "chalk": "^5.3.0",
        "eslint": "^8.57.0",
        "jest": "^29.7.0",
        "ts-jest": "^29.1.2",
        "ts-node": "^10.9.2",
        "typescript": "^5.4.5"
      }
    },
    "node_modules/chalk": {
      "version": "5.3.0",
      "resolved": "https://registry.npmjs.org/chalk/-/chalk-5.3.0.tgz",
      "integrity": "sha512-dLitG79d+GV1pA8e16F4mPkso7soKiutMAvS_woKnw9zGf8VqgCKGxKksxGptVANsTJbOxtDVTz9AIS11q67sA==",
      "dev": true,
      "engines": {
        "node": "^12.17.0 || ^14.13 || >=16.0.0"
      },
      "funding": {
        "url": "https://github.com/chalk/chalk?sponsor=1"
      }
    },
    "node_modules/jest": {
      "version": "29.7.0",
      "resolved": "https://registry.npmjs.org/jest/-/jest-29.7.0.tgz",
      "integrity": "sha512-CgBupOfiLRw3U3JPAV/TPlxJ9un8tK2P2i031I2n2HiwRTe+1iaYFQuLS3unC7A287/D1rSg2H6My1g2VnOPcA==",
      "dev": true,
      "dependencies": {
        "jest-cli": "^29.7.0"
      },
      "bin": {
        "jest": "bin/jest.js"
      },
      "engines": {
        "node": "^14.15.0 || ^16.10.0 || >=18.0.0"
      },
      "peerDependencies": {
        "node-notifier": "^8.0.1 || ^9.0.0 || ^10.0.0"
      },
      "peerDependenciesMeta": {
        "node-notifier": {
          "optional": true
        }
      }
    },
    
    // ... many, many other packages would be listed here ...
    // ... including dependencies of your dependencies, like what `jest` uses internally.
    
    "node_modules/typescript": {
      "version": "5.4.5",
      "resolved": "https://registry.npmjs.org/typescript/-/typescript-5.4.5.tgz",
      "integrity": "sha512-vcI4UpRgg81oXqdthxX2cOFeLCeCh+pdKnU5OCyFuPAorlkvIeGksLyveQb2tIdLmQJPSHWUoUeYOmsA9CVkwg==",
      "dev": true,
      "bin": {
        "tsc": "bin/tsc",
        "tsserver": "bin/tsserver"
      },
      "engines": {
        "node": ">=14.17"
      }
    }
  }
}
